hash: ee27fe5440fae3583a1f7f013b52c8af8509fa76719ffaedb75bdb8ad58c6258
updated: 2017-11-10T17:16:24.614673+08:00
imports:
- name: github.com/davecgh/go-spew
  version: ecdeabc65495df2dec95d7c4a4c3e021903035e5
  subpackages:
  - spew
- name: github.com/maruel/panicparse
  version: f6ee1e454807f72b84277a84fc06437081340a1b
  subpackages:
  - stack
- name: github.com/Sirupsen/logrus
  version: f006c2ac4710855cf0f916dd6b77acf6b048dc6e
- name: golang.org/x/crypto
  version: 6a293f2d4b14b8e6d3f0539e383f6d0d30fce3fd
  subpackages:
  - ssh/terminal
- name: golang.org/x/sys
  version: ebfc5b4631820b793c9010c87fd8fef0f39eb082
  subpackages:
  - unix
  - windows
testImports: []
