# This file is autogenerated, do not edit; changes may be undone by the next 'dep ensure'.


[[projects]]
  branch = "master"
  name = "github.com/Pallinder/go-randomdata"
  packages = ["."]
  revision = "acaf3d8cb4966dde9acb023a9cfde148993fd392"

[[projects]]
  name = "github.com/Sirupsen/logrus"
  packages = ["."]
  revision = "f006c2ac4710855cf0f916dd6b77acf6b048dc6e"
  version = "v1.0.3"

[[projects]]
  name = "github.com/davecgh/go-spew"
  packages = ["spew"]
  revision = "346938d642f2ec3594ed81d874461961cd0faa76"
  version = "v1.1.0"

[[projects]]
  branch = "master"
  name = "github.com/flynn-archive/go-shlex"
  packages = ["."]
  revision = "3f9db97f856818214da2e1057f8ad84803971cff"

[[projects]]
  branch = "master"
  name = "github.com/golang/protobuf"
  packages = ["proto"]
  revision = "1643683e1b54a9e88ad26d98f81400c8c9d9f4f9"

[[projects]]
  name = "github.com/maruel/panicparse"
  packages = ["stack"]
  revision = "f6ee1e454807f72b84277a84fc06437081340a1b"
  version = "v1.0.1"

[[projects]]
  branch = "master"
  name = "github.com/master-g/omgo"
  packages = ["kit/ecdh","kit/packet","kit/utils","proto/pb/common"]
  revision = "52b5adc9487fddabbbbc1462b0c434c1e94639f4"

[[projects]]
  branch = "master"
  name = "golang.org/x/crypto"
  packages = ["curve25519","ssh/terminal"]
  revision = "6a293f2d4b14b8e6d3f0539e383f6d0d30fce3fd"

[[projects]]
  branch = "master"
  name = "golang.org/x/sys"
  packages = ["unix","windows"]
  revision = "1e2299c37cc91a509f1b12369872d27be0ce98a6"

[[projects]]
  branch = "v2"
  name = "gopkg.in/abiosoft/ishell.v2"
  packages = ["."]
  revision = "f58403d26a7c0ad68945110a7ae613b99d869ced"

[[projects]]
  name = "gopkg.in/readline.v1"
  packages = ["."]
  revision = "62c6fe6193755f722b8b8788aa7357be55a50ff1"
  version = "v1.4"

[solve-meta]
  analyzer-name = "dep"
  analyzer-version = 1
  inputs-digest = "390f8105ecf89504f616c2ed1848887410e02a46177bb122bc88838a4aa1bb96"
  solver-name = "gps-cdcl"
  solver-version = 1
